
Microsoft Visual Studio Solution File, Format Version 12.00
# Visual Studio Version 17
VisualStudioVersion = 17.8.34525.116
MinimumVisualStudioVersion = 10.0.40219.1
Project("{888888A0-9F3D-457C-B088-3A5042F75D52}") = "sqlite_new", "sqlite_new.pyproj", "{DC7DA588-FF90-4219-9630-F18479568925}"
EndProject
Global
	GlobalSection(SolutionConfigurationPlatforms) = preSolution
		Debug|Any CPU = Debug|Any CPU
		Release|Any CPU = Release|Any CPU
	EndGlobalSection
	GlobalSection(ProjectConfigurationPlatforms) = postSolution
		{DC7DA588-FF90-4219-9630-F18479568925}.Debug|Any CPU.ActiveCfg = Debug|Any CPU
		{DC7DA588-FF90-4219-9630-F18479568925}.Release|Any CPU.ActiveCfg = Release|Any CPU
	EndGlobalSection
	GlobalSection(SolutionProperties) = preSolution
		HideSolutionNode = FALSE
	EndGlobalSection
	GlobalSection(ExtensibilityGlobals) = postSolution
		SolutionGuid = {BC363387-8CFC-409C-B4A4-3697F0C2DD50}
	EndGlobalSection
EndGlobal
